
Microsoft Visual Studio Solution File, Format Version 12.00
# Visual Studio 14
VisualStudioVersion = 14.0.24720.0
MinimumVisualStudioVersion = 10.0.40219.1
Project("{FAE04EC0-301F-11D3-BF4B-00C04F79EFBC}") = "MvxMapPlugin", "MvxMapPlugin\MvxMapPlugin.csproj", "{77D53EE5-AA8E-4B5E-8654-FB4A677E63BA}"
EndProject
Project("{FAE04EC0-301F-11D3-BF4B-00C04F79EFBC}") = "MvxMapPlugin.Droid", "MvxMapPlugin.Droid\MvxMapPlugin.Droid.csproj", "{6F7B29E5-4EF2-4AAF-A473-507555F0C3A8}"
EndProject
Project("{FAE04EC0-301F-11D3-BF4B-00C04F79EFBC}") = "SampleMvxMapPlugin.Core", "SampleMvxMapPlugin.Core\SampleMvxMapPlugin.Core.csproj", "{F01FB1DA-DF2B-4A85-AD73-DD9FD7F791F2}"
EndProject
Project("{FAE04EC0-301F-11D3-BF4B-00C04F79EFBC}") = "SampleMvxMapPlugin.Droid", "SampleMvxMapPlugin.Droid\SampleMvxMapPlugin.Droid.csproj", "{B848F860-29BA-4AF1-8992-383196FC3EC9}"
EndProject
Global
	GlobalSection(SolutionConfigurationPlatforms) = preSolution
		Debug|Any CPU = Debug|Any CPU
		Release|Any CPU = Release|Any CPU
	EndGlobalSection
	GlobalSection(ProjectConfigurationPlatforms) = postSolution
		{77D53EE5-AA8E-4B5E-8654-FB4A677E63BA}.Debug|Any CPU.ActiveCfg = Debug|Any CPU
		{77D53EE5-AA8E-4B5E-8654-FB4A677E63BA}.Debug|Any CPU.Build.0 = Debug|Any CPU
		{77D53EE5-AA8E-4B5E-8654-FB4A677E63BA}.Release|Any CPU.ActiveCfg = Release|Any CPU
		{77D53EE5-AA8E-4B5E-8654-FB4A677E63BA}.Release|Any CPU.Build.0 = Release|Any CPU
		{6F7B29E5-4EF2-4AAF-A473-507555F0C3A8}.Debug|Any CPU.ActiveCfg = Debug|Any CPU
		{6F7B29E5-4EF2-4AAF-A473-507555F0C3A8}.Debug|Any CPU.Build.0 = Debug|Any CPU
		{6F7B29E5-4EF2-4AAF-A473-507555F0C3A8}.Debug|Any CPU.Deploy.0 = Debug|Any CPU
		{6F7B29E5-4EF2-4AAF-A473-507555F0C3A8}.Release|Any CPU.ActiveCfg = Release|Any CPU
		{6F7B29E5-4EF2-4AAF-A473-507555F0C3A8}.Release|Any CPU.Build.0 = Release|Any CPU
		{6F7B29E5-4EF2-4AAF-A473-507555F0C3A8}.Release|Any CPU.Deploy.0 = Release|Any CPU
		{F01FB1DA-DF2B-4A85-AD73-DD9FD7F791F2}.Debug|Any CPU.ActiveCfg = Debug|Any CPU
		{F01FB1DA-DF2B-4A85-AD73-DD9FD7F791F2}.Debug|Any CPU.Build.0 = Debug|Any CPU
		{F01FB1DA-DF2B-4A85-AD73-DD9FD7F791F2}.Release|Any CPU.ActiveCfg = Release|Any CPU
		{F01FB1DA-DF2B-4A85-AD73-DD9FD7F791F2}.Release|Any CPU.Build.0 = Release|Any CPU
		{B848F860-29BA-4AF1-8992-383196FC3EC9}.Debug|Any CPU.ActiveCfg = Debug|Any CPU
		{B848F860-29BA-4AF1-8992-383196FC3EC9}.Debug|Any CPU.Build.0 = Debug|Any CPU
		{B848F860-29BA-4AF1-8992-383196FC3EC9}.Debug|Any CPU.Deploy.0 = Debug|Any CPU
		{B848F860-29BA-4AF1-8992-383196FC3EC9}.Release|Any CPU.ActiveCfg = Release|Any CPU
		{B848F860-29BA-4AF1-8992-383196FC3EC9}.Release|Any CPU.Build.0 = Release|Any CPU
		{B848F860-29BA-4AF1-8992-383196FC3EC9}.Release|Any CPU.Deploy.0 = Release|Any CPU
	EndGlobalSection
	GlobalSection(SolutionProperties) = preSolution
		HideSolutionNode = FALSE
	EndGlobalSection
EndGlobal
